
Microsoft Visual Studio Solution File, Format Version 12.00
# Visual Studio Version 16
VisualStudioVersion = 16.0.29806.167
MinimumVisualStudioVersion = 10.0.40219.1
Project("{9A19103F-16F7-4668-BE54-9A1E7A4F7556}") = "Linq to SQL Demo", "Linq to SQL Demo\Linq to SQL Demo.csproj", "{147BD3FD-7450-46F2-A8CE-D29E254C759D}"
EndProject
Project("{FAE04EC0-301F-11D3-BF4B-00C04F79EFBC}") = "Linq_to_SQL", "Linq_to_SQL\Linq_to_SQL.csproj", "{4E52CE7D-ABCC-4918-BF18-B3E2F7438A42}"
EndProject
Global
	GlobalSection(SolutionConfigurationPlatforms) = preSolution
		Debug|Any CPU = Debug|Any CPU
		Release|Any CPU = Release|Any CPU
	EndGlobalSection
	GlobalSection(ProjectConfigurationPlatforms) = postSolution
		{147BD3FD-7450-46F2-A8CE-D29E254C759D}.Debug|Any CPU.ActiveCfg = Debug|Any CPU
		{147BD3FD-7450-46F2-A8CE-D29E254C759D}.Debug|Any CPU.Build.0 = Debug|Any CPU
		{147BD3FD-7450-46F2-A8CE-D29E254C759D}.Release|Any CPU.ActiveCfg = Release|Any CPU
		{147BD3FD-7450-46F2-A8CE-D29E254C759D}.Release|Any CPU.Build.0 = Release|Any CPU
		{4E52CE7D-ABCC-4918-BF18-B3E2F7438A42}.Debug|Any CPU.ActiveCfg = Debug|Any CPU
		{4E52CE7D-ABCC-4918-BF18-B3E2F7438A42}.Debug|Any CPU.Build.0 = Debug|Any CPU
		{4E52CE7D-ABCC-4918-BF18-B3E2F7438A42}.Release|Any CPU.ActiveCfg = Release|Any CPU
		{4E52CE7D-ABCC-4918-BF18-B3E2F7438A42}.Release|Any CPU.Build.0 = Release|Any CPU
	EndGlobalSection
	GlobalSection(SolutionProperties) = preSolution
		HideSolutionNode = FALSE
	EndGlobalSection
	GlobalSection(ExtensibilityGlobals) = postSolution
		SolutionGuid = {146BE7C2-2153-4470-AF12-926FD879BB41}
	EndGlobalSection
EndGlobal
